// !$*UTF8*$!
{
	archiveVersion = 1;
	classes = {
	};
	objectVersion = 51;
	objects = {

/* Begin PBXBuildFile section */
		63036C1F26D55D3800719830 /* APIService.swift in Sources */ = {isa = PBXBuildFile; fileRef = 63036C1E26D55D3800719830 /* APIService.swift */; };
		634C06AA26DFBAC900861B26 /* DetailViewController.swift in Sources */ = {isa = PBXBuildFile; fileRef = 634C06A926DFBAC900861B26 /* DetailViewController.swift */; };
		634C06AC26DFBB2400861B26 /* WatchlistTableViewController.swift in Sources */ = {isa = PBXBuildFile; fileRef = 634C06AB26DFBB2400861B26 /* WatchlistTableViewController.swift */; };
		634C06AF26DFC97800861B26 /* MainView.swift in Sources */ = {isa = PBXBuildFile; fileRef = 634C06AE26DFC97800861B26 /* MainView.swift */; };
		634C06B126DFD60E00861B26 /* SearchTableViewController.swift in Sources */ = {isa = PBXBuildFile; fileRef = 634C06B026DFD60E00861B26 /* SearchTableViewController.swift */; };
		634C06B426DFDCBD00861B26 /* MovieModel.swift in Sources */ = {isa = PBXBuildFile; fileRef = 634C06B326DFDCBD00861B26 /* MovieModel.swift */; };
		634C06B726DFDDC500861B26 /* TrendingCollectionViewCell.swift in Sources */ = {isa = PBXBuildFile; fileRef = 634C06B626DFDDC500861B26 /* TrendingCollectionViewCell.swift */; };
		63620CBB26E1398400B286AB /* SearchTableViewCell.swift in Sources */ = {isa = PBXBuildFile; fileRef = 63620CBA26E1398400B286AB /* SearchTableViewCell.swift */; };
		63620CBE26E1400800B286AB /* WatchlistStorage.swift in Sources */ = {isa = PBXBuildFile; fileRef = 63620CBD26E1400800B286AB /* WatchlistStorage.swift */; };
		639A92CE27005CC40047FDC9 /* AppInfoViewController.swift in Sources */ = {isa = PBXBuildFile; fileRef = 639A92CD27005CC40047FDC9 /* AppInfoViewController.swift */; };
		63A0777C26CE5FC4003F4B48 /* CustomTabBarController.swift in Sources */ = {isa = PBXBuildFile; fileRef = 63A0777B26CE5FC4003F4B48 /* CustomTabBarController.swift */; };
		63F045C626E4F13D00781103 /* WatchlistTableViewCell.swift in Sources */ = {isa = PBXBuildFile; fileRef = 63F045C526E4F13D00781103 /* WatchlistTableViewCell.swift */; };
		63F900C226CD402400585B7E /* AppDelegate.swift in Sources */ = {isa = PBXBuildFile; fileRef = 63F900C126CD402400585B7E /* AppDelegate.swift */; };
		63F900C626CD402400585B7E /* TrendingViewController.swift in Sources */ = {isa = PBXBuildFile; fileRef = 63F900C526CD402400585B7E /* TrendingViewController.swift */; };
		63F900CB26CD402500585B7E /* Assets.xcassets in Resources */ = {isa = PBXBuildFile; fileRef = 63F900CA26CD402500585B7E /* Assets.xcassets */; };
		63F900CE26CD402500585B7E /* LaunchScreen.storyboard in Resources */ = {isa = PBXBuildFile; fileRef = 63F900CC26CD402500585B7E /* LaunchScreen.storyboard */; };
		8C749E85270CBDF10098177F /* UIViewController + Extension.swift in Sources */ = {isa = PBXBuildFile; fileRef = 8C749E84270CBDF10098177F /* UIViewController + Extension.swift */; };
		9718A97419397D0123F26A6C /* Pods_Watcher.framework in Frameworks */ = {isa = PBXBuildFile; fileRef = CD39423BEBC456BFEC0FEEC3 /* Pods_Watcher.framework */; };
/* End PBXBuildFile section */

/* Begin PBXFileReference section */
		2546F2F46EBD870FABD217E5 /* Pods-Watcher.release.xcconfig */ = {isa = PBXFileReference; includeInIndex = 1; lastKnownFileType = text.xcconfig; name = "Pods-Watcher.release.xcconfig"; path = "Target Support Files/Pods-Watcher/Pods-Watcher.release.xcconfig"; sourceTree = "<group>"; };
		63036C1E26D55D3800719830 /* APIService.swift */ = {isa = PBXFileReference; lastKnownFileType = sourcecode.swift; path = APIService.swift; sourceTree = "<group>"; };
		634C06A926DFBAC900861B26 /* DetailViewController.swift */ = {isa = PBXFileReference; lastKnownFileType = sourcecode.swift; path = DetailViewController.swift; sourceTree = "<group>"; };
		634C06AB26DFBB2400861B26 /* WatchlistTableViewController.swift */ = {isa = PBXFileReference; lastKnownFileType = sourcecode.swift; path = WatchlistTableViewController.swift; sourceTree = "<group>"; };
		634C06AE26DFC97800861B26 /* MainView.swift */ = {isa = PBXFileReference; lastKnownFileType = sourcecode.swift; path = MainView.swift; sourceTree = "<group>"; };
		634C06B026DFD60E00861B26 /* SearchTableViewController.swift */ = {isa = PBXFileReference; lastKnownFileType = sourcecode.swift; path = SearchTableViewController.swift; sourceTree = "<group>"; };
		634C06B326DFDCBD00861B26 /* MovieModel.swift */ = {isa = PBXFileReference; lastKnownFileType = sourcecode.swift; path = MovieModel.swift; sourceTree = "<group>"; };
		634C06B626DFDDC500861B26 /* TrendingCollectionViewCell.swift */ = {isa = PBXFileReference; lastKnownFileType = sourcecode.swift; path = TrendingCollectionViewCell.swift; sourceTree = "<group>"; };
		63620CBA26E1398400B286AB /* SearchTableViewCell.swift */ = {isa = PBXFileReference; lastKnownFileType = sourcecode.swift; path = SearchTableViewCell.swift; sourceTree = "<group>"; };
		63620CBD26E1400800B286AB /* WatchlistStorage.swift */ = {isa = PBXFileReference; lastKnownFileType = sourcecode.swift; path = WatchlistStorage.swift; sourceTree = "<group>"; };
		639A92CD27005CC40047FDC9 /* AppInfoViewController.swift */ = {isa = PBXFileReference; lastKnownFileType = sourcecode.swift; path = AppInfoViewController.swift; sourceTree = "<group>"; };
		63A0777B26CE5FC4003F4B48 /* CustomTabBarController.swift */ = {isa = PBXFileReference; lastKnownFileType = sourcecode.swift; path = CustomTabBarController.swift; sourceTree = "<group>"; };
		63F045C526E4F13D00781103 /* WatchlistTableViewCell.swift */ = {isa = PBXFileReference; lastKnownFileType = sourcecode.swift; path = WatchlistTableViewCell.swift; sourceTree = "<group>"; };
		63F900BE26CD402400585B7E /* Watcher.app */ = {isa = PBXFileReference; explicitFileType = wrapper.application; includeInIndex = 0; path = Watcher.app; sourceTree = BUILT_PRODUCTS_DIR; };
		63F900C126CD402400585B7E /* AppDelegate.swift */ = {isa = PBXFileReference; lastKnownFileType = sourcecode.swift; path = AppDelegate.swift; sourceTree = "<group>"; };
		63F900C526CD402400585B7E /* TrendingViewController.swift */ = {isa = PBXFileReference; lastKnownFileType = sourcecode.swift; path = TrendingViewController.swift; sourceTree = "<group>"; };
		63F900CA26CD402500585B7E /* Assets.xcassets */ = {isa = PBXFileReference; lastKnownFileType = folder.assetcatalog; path = Assets.xcassets; sourceTree = "<group>"; };
		63F900CD26CD402500585B7E /* Base */ = {isa = PBXFileReference; lastKnownFileType = file.storyboard; name = Base; path = Base.lproj/LaunchScreen.storyboard; sourceTree = "<group>"; };
		63F900CF26CD402500585B7E /* Info.plist */ = {isa = PBXFileReference; lastKnownFileType = text.plist.xml; path = Info.plist; sourceTree = "<group>"; };
		8C749E84270CBDF10098177F /* UIViewController + Extension.swift */ = {isa = PBXFileReference; lastKnownFileType = sourcecode.swift; path = "UIViewController + Extension.swift"; sourceTree = "<group>"; };
		CD39423BEBC456BFEC0FEEC3 /* Pods_Watcher.framework */ = {isa = PBXFileReference; explicitFileType = wrapper.framework; includeInIndex = 0; path = Pods_Watcher.framework; sourceTree = BUILT_PRODUCTS_DIR; };
		DD56BED05684663980AA2EE1 /* Pods-Watcher.debug.xcconfig */ = {isa = PBXFileReference; includeInIndex = 1; lastKnownFileType = text.xcconfig; name = "Pods-Watcher.debug.xcconfig"; path = "Target Support Files/Pods-Watcher/Pods-Watcher.debug.xcconfig"; sourceTree = "<group>"; };
/* End PBXFileReference section */

/* Begin PBXFrameworksBuildPhase section */
		63F900BB26CD402400585B7E /* Frameworks */ = {
			isa = PBXFrameworksBuildPhase;
			buildActionMask = 2147483647;
			files = (
				9718A97419397D0123F26A6C /* Pods_Watcher.framework in Frameworks */,
			);
			runOnlyForDeploymentPostprocessing = 0;
		};
/* End PBXFrameworksBuildPhase section */

/* Begin PBXGroup section */
		5494CEDD5F4B6EDD30023E57 /* Pods */ = {
			isa = PBXGroup;
			children = (
				DD56BED05684663980AA2EE1 /* Pods-Watcher.debug.xcconfig */,
				2546F2F46EBD870FABD217E5 /* Pods-Watcher.release.xcconfig */,
			);
			path = Pods;
			sourceTree = "<group>";
		};
		634C06AD26DFC91A00861B26 /* Views */ = {
			isa = PBXGroup;
			children = (
				634C06B526DFDDA100861B26 /* CustomCells */,
				634C06AE26DFC97800861B26 /* MainView.swift */,
			);
			path = Views;
			sourceTree = "<group>";
		};
		634C06B226DFD89300861B26 /* Models */ = {
			isa = PBXGroup;
			children = (
				634C06B326DFDCBD00861B26 /* MovieModel.swift */,
			);
			path = Models;
			sourceTree = "<group>";
		};
		634C06B526DFDDA100861B26 /* CustomCells */ = {
			isa = PBXGroup;
			children = (
				634C06B626DFDDC500861B26 /* TrendingCollectionViewCell.swift */,
				63620CBA26E1398400B286AB /* SearchTableViewCell.swift */,
				63F045C526E4F13D00781103 /* WatchlistTableViewCell.swift */,
			);
			path = CustomCells;
			sourceTree = "<group>";
		};
		63A0777A26CE571B003F4B48 /* Services */ = {
			isa = PBXGroup;
			children = (
				63036C1E26D55D3800719830 /* APIService.swift */,
				63620CBD26E1400800B286AB /* WatchlistStorage.swift */,
			);
			path = Services;
			sourceTree = "<group>";
		};
		63F900B526CD402400585B7E = {
			isa = PBXGroup;
			children = (
				63F900C026CD402400585B7E /* Watcher */,
				63F900BF26CD402400585B7E /* Products */,
				5494CEDD5F4B6EDD30023E57 /* Pods */,
				EAF750E6338B4CC2FFE190E1 /* Frameworks */,
			);
			sourceTree = "<group>";
		};
		63F900BF26CD402400585B7E /* Products */ = {
			isa = PBXGroup;
			children = (
				63F900BE26CD402400585B7E /* Watcher.app */,
			);
			name = Products;
			sourceTree = "<group>";
		};
		63F900C026CD402400585B7E /* Watcher */ = {
			isa = PBXGroup;
			children = (
				63F900D526CD461600585B7E /* SupportingFiles */,
				634C06B226DFD89300861B26 /* Models */,
				634C06AD26DFC91A00861B26 /* Views */,
				63F900D626CD468200585B7E /* ViewControllers */,
				63A0777A26CE571B003F4B48 /* Services */,
				8CDFAF6F273CF22700209D78 /* Extensions */,
			);
			path = Watcher;
			sourceTree = "<group>";
		};
		63F900D526CD461600585B7E /* SupportingFiles */ = {
			isa = PBXGroup;
			children = (
				63F900C126CD402400585B7E /* AppDelegate.swift */,
				63F900CA26CD402500585B7E /* Assets.xcassets */,
				63F900CC26CD402500585B7E /* LaunchScreen.storyboard */,
				63F900CF26CD402500585B7E /* Info.plist */,
			);
			path = SupportingFiles;
			sourceTree = "<group>";
		};
		63F900D626CD468200585B7E /* ViewControllers */ = {
			isa = PBXGroup;
			children = (
				63A0777B26CE5FC4003F4B48 /* CustomTabBarController.swift */,
				63F900C526CD402400585B7E /* TrendingViewController.swift */,
				634C06B026DFD60E00861B26 /* SearchTableViewController.swift */,
				634C06A926DFBAC900861B26 /* DetailViewController.swift */,
				634C06AB26DFBB2400861B26 /* WatchlistTableViewController.swift */,
				639A92CD27005CC40047FDC9 /* AppInfoViewController.swift */,
			);
			path = ViewControllers;
			sourceTree = "<group>";
		};
		8CDFAF6F273CF22700209D78 /* Extensions */ = {
			isa = PBXGroup;
			children = (
				8C749E84270CBDF10098177F /* UIViewController + Extension.swift */,
			);
			path = Extensions;
			sourceTree = "<group>";
		};
		EAF750E6338B4CC2FFE190E1 /* Frameworks */ = {
			isa = PBXGroup;
			children = (
				CD39423BEBC456BFEC0FEEC3 /* Pods_Watcher.framework */,
			);
			name = Frameworks;
			sourceTree = "<group>";
		};
/* End PBXGroup section */

/* Begin PBXNativeTarget section */
		63F900BD26CD402400585B7E /* Watcher */ = {
			isa = PBXNativeTarget;
			buildConfigurationList = 63F900D226CD402500585B7E /* Build configuration list for PBXNativeTarget "Watcher" */;
			buildPhases = (
				BE4652CD3F89C58E612CDB8A /* [CP] Check Pods Manifest.lock */,
				63F900BA26CD402400585B7E /* Sources */,
				63F900BB26CD402400585B7E /* Frameworks */,
				63F900BC26CD402400585B7E /* Resources */,
				3668DC059A944B5A83E9CD22 /* [CP] Embed Pods Frameworks */,
			);
			buildRules = (
			);
			dependencies = (
			);
			name = Watcher;
			productName = Watcher;
			productReference = 63F900BE26CD402400585B7E /* Watcher.app */;
			productType = "com.apple.product-type.application";
		};
/* End PBXNativeTarget section */

/* Begin PBXProject section */
		63F900B626CD402400585B7E /* Project object */ = {
			isa = PBXProject;
			attributes = {
				LastSwiftUpdateCheck = 1250;
				LastUpgradeCheck = 1250;
				TargetAttributes = {
					63F900BD26CD402400585B7E = {
						CreatedOnToolsVersion = 12.5;
					};
				};
			};
			buildConfigurationList = 63F900B926CD402400585B7E /* Build configuration list for PBXProject "Watcher" */;
			compatibilityVersion = "Xcode 9.3";
			developmentRegion = en;
			hasScannedForEncodings = 0;
			knownRegions = (
				en,
				Base,
			);
			mainGroup = 63F900B526CD402400585B7E;
			productRefGroup = 63F900BF26CD402400585B7E /* Products */;
			projectDirPath = "";
			projectRoot = "";
			targets = (
				63F900BD26CD402400585B7E /* Watcher */,
			);
		};
/* End PBXProject section */

/* Begin PBXResourcesBuildPhase section */
		63F900BC26CD402400585B7E /* Resources */ = {
			isa = PBXResourcesBuildPhase;
			buildActionMask = 2147483647;
			files = (
				63F900CE26CD402500585B7E /* LaunchScreen.storyboard in Resources */,
				63F900CB26CD402500585B7E /* Assets.xcassets in Resources */,
			);
			runOnlyForDeploymentPostprocessing = 0;
		};
/* End PBXResourcesBuildPhase section */

/* Begin PBXShellScriptBuildPhase section */
		3668DC059A944B5A83E9CD22 /* [CP] Embed Pods Frameworks */ = {
			isa = PBXShellScriptBuildPhase;
			buildActionMask = 2147483647;
			files = (
			);
			inputFileListPaths = (
				"${PODS_ROOT}/Target Support Files/Pods-Watcher/Pods-Watcher-frameworks-${CONFIGURATION}-input-files.xcfilelist",
			);
			name = "[CP] Embed Pods Frameworks";
			outputFileListPaths = (
				"${PODS_ROOT}/Target Support Files/Pods-Watcher/Pods-Watcher-frameworks-${CONFIGURATION}-output-files.xcfilelist",
			);
			runOnlyForDeploymentPostprocessing = 0;
			shellPath = /bin/sh;
			shellScript = "\"${PODS_ROOT}/Target Support Files/Pods-Watcher/Pods-Watcher-frameworks.sh\"\n";
			showEnvVarsInLog = 0;
		};
		BE4652CD3F89C58E612CDB8A /* [CP] Check Pods Manifest.lock */ = {
			isa = PBXShellScriptBuildPhase;
			buildActionMask = 2147483647;
			files = (
			);
			inputFileListPaths = (
			);
			inputPaths = (
				"${PODS_PODFILE_DIR_PATH}/Podfile.lock",
				"${PODS_ROOT}/Manifest.lock",
			);
			name = "[CP] Check Pods Manifest.lock";
			outputFileListPaths = (
			);
			outputPaths = (
				"$(DERIVED_FILE_DIR)/Pods-Watcher-checkManifestLockResult.txt",
			);
			runOnlyForDeploymentPostprocessing = 0;
			shellPath = /bin/sh;
			shellScript = "diff \"${PODS_PODFILE_DIR_PATH}/Podfile.lock\" \"${PODS_ROOT}/Manifest.lock\" > /dev/null\nif [ $? != 0 ] ; then\n    # print error to STDERR\n    echo \"error: The sandbox is not in sync with the Podfile.lock. Run 'pod install' or update your CocoaPods installation.\" >&2\n    exit 1\nfi\n# This output is used by Xcode 'outputs' to avoid re-running this script phase.\necho \"SUCCESS\" > \"${SCRIPT_OUTPUT_FILE_0}\"\n";
			showEnvVarsInLog = 0;
		};
/* End PBXShellScriptBuildPhase section */

/* Begin PBXSourcesBuildPhase section */
		63F900BA26CD402400585B7E /* Sources */ = {
			isa = PBXSourcesBuildPhase;
			buildActionMask = 2147483647;
			files = (
				634C06B426DFDCBD00861B26 /* MovieModel.swift in Sources */,
				63036C1F26D55D3800719830 /* APIService.swift in Sources */,
				634C06AF26DFC97800861B26 /* MainView.swift in Sources */,
				63F045C626E4F13D00781103 /* WatchlistTableViewCell.swift in Sources */,
				639A92CE27005CC40047FDC9 /* AppInfoViewController.swift in Sources */,
				63F900C626CD402400585B7E /* TrendingViewController.swift in Sources */,
				634C06AA26DFBAC900861B26 /* DetailViewController.swift in Sources */,
				8C749E85270CBDF10098177F /* UIViewController + Extension.swift in Sources */,
				634C06AC26DFBB2400861B26 /* WatchlistTableViewController.swift in Sources */,
				63A0777C26CE5FC4003F4B48 /* CustomTabBarController.swift in Sources */,
				634C06B726DFDDC500861B26 /* TrendingCollectionViewCell.swift in Sources */,
				63620CBB26E1398400B286AB /* SearchTableViewCell.swift in Sources */,
				63F900C226CD402400585B7E /* AppDelegate.swift in Sources */,
				634C06B126DFD60E00861B26 /* SearchTableViewController.swift in Sources */,
				63620CBE26E1400800B286AB /* WatchlistStorage.swift in Sources */,
			);
			runOnlyForDeploymentPostprocessing = 0;
		};
/* End PBXSourcesBuildPhase section */

/* Begin PBXVariantGroup section */
		63F900CC26CD402500585B7E /* LaunchScreen.storyboard */ = {
			isa = PBXVariantGroup;
			children = (
				63F900CD26CD402500585B7E /* Base */,
			);
			name = LaunchScreen.storyboard;
			sourceTree = "<group>";
		};
/* End PBXVariantGroup section */

/* Begin XCBuildConfiguration section */
		63F900D026CD402500585B7E /* Debug */ = {
			isa = XCBuildConfiguration;
			buildSettings = {
				ALWAYS_SEARCH_USER_PATHS = NO;
				CLANG_ANALYZER_NONNULL = YES;
				CLANG_ANALYZER_NUMBER_OBJECT_CONVERSION = YES_AGGRESSIVE;
				CLANG_CXX_LANGUAGE_STANDARD = "gnu++14";
				CLANG_CXX_LIBRARY = "libc++";
				CLANG_ENABLE_MODULES = YES;
				CLANG_ENABLE_OBJC_ARC = YES;
				CLANG_ENABLE_OBJC_WEAK = YES;
				CLANG_WARN_BLOCK_CAPTURE_AUTORELEASING = YES;
				CLANG_WARN_BOOL_CONVERSION = YES;
				CLANG_WARN_COMMA = YES;
				CLANG_WARN_CONSTANT_CONVERSION = YES;
				CLANG_WARN_DEPRECATED_OBJC_IMPLEMENTATIONS = YES;
				CLANG_WARN_DIRECT_OBJC_ISA_USAGE = YES_ERROR;
				CLANG_WARN_DOCUMENTATION_COMMENTS = YES;
				CLANG_WARN_EMPTY_BODY = YES;
				CLANG_WARN_ENUM_CONVERSION = YES;
				CLANG_WARN_INFINITE_RECURSION = YES;
				CLANG_WARN_INT_CONVERSION = YES;
				CLANG_WARN_NON_LITERAL_NULL_CONVERSION = YES;
				CLANG_WARN_OBJC_IMPLICIT_RETAIN_SELF = YES;
				CLANG_WARN_OBJC_LITERAL_CONVERSION = YES;
				CLANG_WARN_OBJC_ROOT_CLASS = YES_ERROR;
				CLANG_WARN_QUOTED_INCLUDE_IN_FRAMEWORK_HEADER = YES;
				CLANG_WARN_RANGE_LOOP_ANALYSIS = YES;
				CLANG_WARN_STRICT_PROTOTYPES = YES;
				CLANG_WARN_SUSPICIOUS_MOVE = YES;
				CLANG_WARN_UNGUARDED_AVAILABILITY = YES_AGGRESSIVE;
				CLANG_WARN_UNREACHABLE_CODE = YES;
				CLANG_WARN__DUPLICATE_METHOD_MATCH = YES;
				COPY_PHASE_STRIP = NO;
				DEBUG_INFORMATION_FORMAT = dwarf;
				ENABLE_STRICT_OBJC_MSGSEND = YES;
				ENABLE_TESTABILITY = YES;
				GCC_C_LANGUAGE_STANDARD = gnu11;
				GCC_DYNAMIC_NO_PIC = NO;
				GCC_NO_COMMON_BLOCKS = YES;
				GCC_OPTIMIZATION_LEVEL = 0;
				GCC_PREPROCESSOR_DEFINITIONS = (
					"DEBUG=1",
					"$(inherited)",
				);
				GCC_WARN_64_TO_32_BIT_CONVERSION = YES;
				GCC_WARN_ABOUT_RETURN_TYPE = YES_ERROR;
				GCC_WARN_UNDECLARED_SELECTOR = YES;
				GCC_WARN_UNINITIALIZED_AUTOS = YES_AGGRESSIVE;
				GCC_WARN_UNUSED_FUNCTION = YES;
				GCC_WARN_UNUSED_VARIABLE = YES;
				IPHONEOS_DEPLOYMENT_TARGET = 14.0;
				MTL_ENABLE_DEBUG_INFO = INCLUDE_SOURCE;
				MTL_FAST_MATH = YES;
				ONLY_ACTIVE_ARCH = YES;
				SDKROOT = iphoneos;
				SWIFT_ACTIVE_COMPILATION_CONDITIONS = DEBUG;
				SWIFT_OPTIMIZATION_LEVEL = "-Onone";
			};
			name = Debug;
		};
		63F900D126CD402500585B7E /* Release */ = {
			isa = XCBuildConfiguration;
			buildSettings = {
				ALWAYS_SEARCH_USER_PATHS = NO;
				CLANG_ANALYZER_NONNULL = YES;
				CLANG_ANALYZER_NUMBER_OBJECT_CONVERSION = YES_AGGRESSIVE;
				CLANG_CXX_LANGUAGE_STANDARD = "gnu++14";
				CLANG_CXX_LIBRARY = "libc++";
				CLANG_ENABLE_MODULES = YES;
				CLANG_ENABLE_OBJC_ARC = YES;
				CLANG_ENABLE_OBJC_WEAK = YES;
				CLANG_WARN_BLOCK_CAPTURE_AUTORELEASING = YES;
				CLANG_WARN_BOOL_CONVERSION = YES;
				CLANG_WARN_COMMA = YES;
				CLANG_WARN_CONSTANT_CONVERSION = YES;
				CLANG_WARN_DEPRECATED_OBJC_IMPLEMENTATIONS = YES;
				CLANG_WARN_DIRECT_OBJC_ISA_USAGE = YES_ERROR;
				CLANG_WARN_DOCUMENTATION_COMMENTS = YES;
				CLANG_WARN_EMPTY_BODY = YES;
				CLANG_WARN_ENUM_CONVERSION = YES;
				CLANG_WARN_INFINITE_RECURSION = YES;
				CLANG_WARN_INT_CONVERSION = YES;
				CLANG_WARN_NON_LITERAL_NULL_CONVERSION = YES;
				CLANG_WARN_OBJC_IMPLICIT_RETAIN_SELF = YES;
				CLANG_WARN_OBJC_LITERAL_CONVERSION = YES;
				CLANG_WARN_OBJC_ROOT_CLASS = YES_ERROR;
				CLANG_WARN_QUOTED_INCLUDE_IN_FRAMEWORK_HEADER = YES;
				CLANG_WARN_RANGE_LOOP_ANALYSIS = YES;
				CLANG_WARN_STRICT_PROTOTYPES = YES;
				CLANG_WARN_SUSPICIOUS_MOVE = YES;
				CLANG_WARN_UNGUARDED_AVAILABILITY = YES_AGGRESSIVE;
				CLANG_WARN_UNREACHABLE_CODE = YES;
				CLANG_WARN__DUPLICATE_METHOD_MATCH = YES;
				COPY_PHASE_STRIP = NO;
				DEBUG_INFORMATION_FORMAT = "dwarf-with-dsym";
				ENABLE_NS_ASSERTIONS = NO;
				ENABLE_STRICT_OBJC_MSGSEND = YES;
				GCC_C_LANGUAGE_STANDARD = gnu11;
				GCC_NO_COMMON_BLOCKS = YES;
				GCC_WARN_64_TO_32_BIT_CONVERSION = YES;
				GCC_WARN_ABOUT_RETURN_TYPE = YES_ERROR;
				GCC_WARN_UNDECLARED_SELECTOR = YES;
				GCC_WARN_UNINITIALIZED_AUTOS = YES_AGGRESSIVE;
				GCC_WARN_UNUSED_FUNCTION = YES;
				GCC_WARN_UNUSED_VARIABLE = YES;
				IPHONEOS_DEPLOYMENT_TARGET = 14.0;
				MTL_ENABLE_DEBUG_INFO = NO;
				MTL_FAST_MATH = YES;
				SDKROOT = iphoneos;
				SWIFT_COMPILATION_MODE = wholemodule;
				SWIFT_OPTIMIZATION_LEVEL = "-O";
				VALIDATE_PRODUCT = YES;
			};
			name = Release;
		};
		63F900D326CD402500585B7E /* Debug */ = {
			isa = XCBuildConfiguration;
			baseConfigurationReference = DD56BED05684663980AA2EE1 /* Pods-Watcher.debug.xcconfig */;
			buildSettings = {
				ASSETCATALOG_COMPILER_APPICON_NAME = AppIcon;
				ASSETCATALOG_COMPILER_GLOBAL_ACCENT_COLOR_NAME = AccentColor;
				ASSETCATALOG_COMPILER_INCLUDE_ALL_APPICON_ASSETS = YES;
				CODE_SIGN_STYLE = Automatic;
				CURRENT_PROJECT_VERSION = 1.01;
				DEVELOPMENT_TEAM = F824GPAVR5;
				INFOPLIST_FILE = Watcher/SupportingFiles/Info.plist;
				IPHONEOS_DEPLOYMENT_TARGET = 14.0;
				LD_RUNPATH_SEARCH_PATHS = (
					"$(inherited)",
					"@executable_path/Frameworks",
				);
				MARKETING_VERSION = 1.01;
				PRODUCT_BUNDLE_IDENTIFIER = com.berezentsev.Watcher;
				PRODUCT_NAME = "$(TARGET_NAME)";
				SWIFT_VERSION = 5.0;
				TARGETED_DEVICE_FAMILY = 1;
			};
			name = Debug;
		};
		63F900D426CD402500585B7E /* Release */ = {
			isa = XCBuildConfiguration;
			baseConfigurationReference = 2546F2F46EBD870FABD217E5 /* Pods-Watcher.release.xcconfig */;
			buildSettings = {
				ASSETCATALOG_COMPILER_APPICON_NAME = AppIcon;
				ASSETCATALOG_COMPILER_GLOBAL_ACCENT_COLOR_NAME = AccentColor;
				ASSETCATALOG_COMPILER_INCLUDE_ALL_APPICON_ASSETS = YES;
				CODE_SIGN_STYLE = Automatic;
				CURRENT_PROJECT_VERSION = 1.01;
				DEVELOPMENT_TEAM = F824GPAVR5;
				INFOPLIST_FILE = Watcher/SupportingFiles/Info.plist;
				IPHONEOS_DEPLOYMENT_TARGET = 14.0;
				LD_RUNPATH_SEARCH_PATHS = (
					"$(inherited)",
					"@executable_path/Frameworks",
				);
				MARKETING_VERSION = 1.01;
				PRODUCT_BUNDLE_IDENTIFIER = com.berezentsev.Watcher;
				PRODUCT_NAME = "$(TARGET_NAME)";
				SWIFT_VERSION = 5.0;
				TARGETED_DEVICE_FAMILY = 1;
			};
			name = Release;
		};
/* End XCBuildConfiguration section */

/* Begin XCConfigurationList section */
		63F900B926CD402400585B7E /* Build configuration list for PBXProject "Watcher" */ = {
			isa = XCConfigurationList;
			buildConfigurations = (
				63F900D026CD402500585B7E /* Debug */,
				63F900D126CD402500585B7E /* Release */,
			);
			defaultConfigurationIsVisible = 0;
			defaultConfigurationName = Release;
		};
		63F900D226CD402500585B7E /* Build configuration list for PBXNativeTarget "Watcher" */ = {
			isa = XCConfigurationList;
			buildConfigurations = (
				63F900D326CD402500585B7E /* Debug */,
				63F900D426CD402500585B7E /* Release */,
			);
			defaultConfigurationIsVisible = 0;
			defaultConfigurationName = Release;
		};
/* End XCConfigurationList section */
	};
	rootObject = 63F900B626CD402400585B7E /* Project object */;
}
